// !$*UTF8*$!
{
	archiveVersion = 1;
	classes = {
	};
	objectVersion = 50;
	objects = {

/* Begin PBXBuildFile section */
		6C08373621F08EF600A804D5 /* 00_Loops.swift in Sources */ = {isa = PBXBuildFile; fileRef = 6C08373521F08EF600A804D5 /* 00_Loops.swift */; };
		6C0AD94822AE7826008D85CD /* ThreeSum.swift in Sources */ = {isa = PBXBuildFile; fileRef = 6C0AD94722AE7826008D85CD /* ThreeSum.swift */; };
		6C1E3A7D23604E1600D4AD45 /* Swift3TestCase.swift in Sources */ = {isa = PBXBuildFile; fileRef = 6C1E3A7C23604E1600D4AD45 /* Swift3TestCase.swift */; };
		6C1E3A7F2360533300D4AD45 /* StringSearch.swift in Sources */ = {isa = PBXBuildFile; fileRef = 6C1E3A7E2360533300D4AD45 /* StringSearch.swift */; };
		6C21EA0F22F8A82600D14BCF /* Tree.swift in Sources */ = {isa = PBXBuildFile; fileRef = 6C21EA0E22F8A82600D14BCF /* Tree.swift */; };
		6C21EA1122F8A9DC00D14BCF /* TreeTests.swift in Sources */ = {isa = PBXBuildFile; fileRef = 6C21EA1022F8A9DC00D14BCF /* TreeTests.swift */; };
		6C2766D9236F1886009515E3 /* ArraysProbl.swift in Sources */ = {isa = PBXBuildFile; fileRef = 6C2766D8236F1886009515E3 /* ArraysProbl.swift */; };
		6C2897BC226C6E9800CEE08D /* String+Access.swift in Sources */ = {isa = PBXBuildFile; fileRef = 6C2897BB226C6E9800CEE08D /* String+Access.swift */; };
		6C2CABF6230DCBA8009CBF3D /* Plindrome.swift in Sources */ = {isa = PBXBuildFile; fileRef = 6C2CABF5230DCBA8009CBF3D /* Plindrome.swift */; };
		6C4FD96B21DE08FC00C066AF /* 00_DataTypeTest.swift in Sources */ = {isa = PBXBuildFile; fileRef = 6CABA8EF21DE085400EE52E3 /* 00_DataTypeTest.swift */; };
		6C51E5462243B29A00F657DA /* Node.swift in Sources */ = {isa = PBXBuildFile; fileRef = 6C51E5452243B29A00F657DA /* Node.swift */; };
		6C5D44FA2306F837007A0147 /* SubSetTests.swift in Sources */ = {isa = PBXBuildFile; fileRef = 6C5D44F92306F837007A0147 /* SubSetTests.swift */; };
		6C6455762365DFC9001529EF /* StringFind.swift in Sources */ = {isa = PBXBuildFile; fileRef = 6C6455752365DFC9001529EF /* StringFind.swift */; };
		6C69A69A22688697002289FA /* MissingIntTests.swift in Sources */ = {isa = PBXBuildFile; fileRef = 6C69A69922688697002289FA /* MissingIntTests.swift */; };
		6C69A69C22688847002289FA /* MissingInteger.swift in Sources */ = {isa = PBXBuildFile; fileRef = 6C69A6972268860F002289FA /* MissingInteger.swift */; };
		6C6A0C1622ABD95900150FF6 /* MergeTwoLists.swift in Sources */ = {isa = PBXBuildFile; fileRef = 6C6A0C1522ABD95900150FF6 /* MergeTwoLists.swift */; };
		6C714409229E9A98008E446C /* NonRecArray.swift in Sources */ = {isa = PBXBuildFile; fileRef = 6C714408229E9A98008E446C /* NonRecArray.swift */; };
		6C77825122791F55001926B2 /* MergeTwoSortedLinkedList.swift in Sources */ = {isa = PBXBuildFile; fileRef = 6C77825022791F55001926B2 /* MergeTwoSortedLinkedList.swift */; };
		6C7945B723413D0300977F7E /* StringReplace.swift in Sources */ = {isa = PBXBuildFile; fileRef = 6C7945B623413D0300977F7E /* StringReplace.swift */; };
		6C8B0E3B23604A1800922CD5 /* RaceTests.swift in Sources */ = {isa = PBXBuildFile; fileRef = 6C8B0E3A23604A1800922CD5 /* RaceTests.swift */; };
		6C902A0C21EDD428008AE76C /* 02_Operators.swift in Sources */ = {isa = PBXBuildFile; fileRef = 6C902A0B21EDD428008AE76C /* 02_Operators.swift */; };
		6C902A0E21EDD60E008AE76C /* 02_OperatorsTests.swift in Sources */ = {isa = PBXBuildFile; fileRef = 6C902A0D21EDD60E008AE76C /* 02_OperatorsTests.swift */; };
		6CA1D84F238F288200FF0286 /* UniqeStringChars.swift in Sources */ = {isa = PBXBuildFile; fileRef = 6CA1D84E238F288200FF0286 /* UniqeStringChars.swift */; };
		6CA28E1F22F498BA000E33F0 /* KnapsackProblem.swift in Sources */ = {isa = PBXBuildFile; fileRef = 6CA28E1E22F498BA000E33F0 /* KnapsackProblem.swift */; };
		6CA28E2622F65DBC000E33F0 /* SubSetProblem.swift in Sources */ = {isa = PBXBuildFile; fileRef = 6CA28E2522F65DBC000E33F0 /* SubSetProblem.swift */; };
		6CA28E2922F7010F000E33F0 /* SubSet.swift in Sources */ = {isa = PBXBuildFile; fileRef = 6CA28E2822F7010F000E33F0 /* SubSet.swift */; };
		6CAACC0922FCC7CD006FF84C /* Recursion.swift in Sources */ = {isa = PBXBuildFile; fileRef = 6CAACC0822FCC7CD006FF84C /* Recursion.swift */; };
		6CAACC0B22FCC809006FF84C /* RecursionTests.swift in Sources */ = {isa = PBXBuildFile; fileRef = 6CAACC0A22FCC809006FF84C /* RecursionTests.swift */; };
		6CABA8CC21DD679200EE52E3 /* AppDelegate.swift in Sources */ = {isa = PBXBuildFile; fileRef = 6CABA8CB21DD679200EE52E3 /* AppDelegate.swift */; };
		6CABA8CE21DD679200EE52E3 /* MainViewController.swift in Sources */ = {isa = PBXBuildFile; fileRef = 6CABA8CD21DD679200EE52E3 /* MainViewController.swift */; };
		6CABA8D121DD679200EE52E3 /* Main.storyboard in Resources */ = {isa = PBXBuildFile; fileRef = 6CABA8CF21DD679200EE52E3 /* Main.storyboard */; };
		6CABA8D321DD679400EE52E3 /* Assets.xcassets in Resources */ = {isa = PBXBuildFile; fileRef = 6CABA8D221DD679400EE52E3 /* Assets.xcassets */; };
		6CABA8D621DD679400EE52E3 /* LaunchScreen.storyboard in Resources */ = {isa = PBXBuildFile; fileRef = 6CABA8D421DD679400EE52E3 /* LaunchScreen.storyboard */; };
		6CABA8E121DD679400EE52E3 /* ProblemSolvingTests.swift in Sources */ = {isa = PBXBuildFile; fileRef = 6CABA8E021DD679400EE52E3 /* ProblemSolvingTests.swift */; };
		6CABA8EE21DE07D000EE52E3 /* 00_DataType.swift in Sources */ = {isa = PBXBuildFile; fileRef = 6CABA8ED21DE07D000EE52E3 /* 00_DataType.swift */; };
		6CAC9A1C22F1B5FD00DDDC72 /* MedianOfTwoSortedArrayies.swift in Sources */ = {isa = PBXBuildFile; fileRef = 6CAC9A1B22F1B5FD00DDDC72 /* MedianOfTwoSortedArrayies.swift */; };
		6CCE8A7322F1E500004A447A /* TreeTraversal.swift in Sources */ = {isa = PBXBuildFile; fileRef = 6CCE8A7222F1E500004A447A /* TreeTraversal.swift */; };
		6CCE8A7522F32C91004A447A /* IsPrime.swift in Sources */ = {isa = PBXBuildFile; fileRef = 6CCE8A7422F32C91004A447A /* IsPrime.swift */; };
		6CCE8A7722F32CB3004A447A /* Algorithms.swift in Sources */ = {isa = PBXBuildFile; fileRef = 6CCE8A7622F32CB3004A447A /* Algorithms.swift */; };
		6CE5DD042268A97D0065DAC7 /* ZalandoTaskTests.swift in Sources */ = {isa = PBXBuildFile; fileRef = 6CE5DD032268A97D0065DAC7 /* ZalandoTaskTests.swift */; };
		6CE5DD062268AF370065DAC7 /* NumberToAlphabeticMapperTests.swift in Sources */ = {isa = PBXBuildFile; fileRef = 6CE5DD052268AF370065DAC7 /* NumberToAlphabeticMapperTests.swift */; };
		6CE5DD09226AA53D0065DAC7 /* PalandromicString.swift in Sources */ = {isa = PBXBuildFile; fileRef = 6CE5DD07226AA4C50065DAC7 /* PalandromicString.swift */; };
		6CF3E18722722E13007488BA /* RingInterView.swift in Sources */ = {isa = PBXBuildFile; fileRef = 6CF3E18622722E13007488BA /* RingInterView.swift */; };
		6CF3E1BD2272E9C2007488BA /* Tests.swift in Sources */ = {isa = PBXBuildFile; fileRef = 6CF3E1BC2272E9C2007488BA /* Tests.swift */; };
/* End PBXBuildFile section */

/* Begin PBXContainerItemProxy section */
		6CABA8DD21DD679400EE52E3 /* PBXContainerItemProxy */ = {
			isa = PBXContainerItemProxy;
			containerPortal = 6CABA8C021DD679200EE52E3 /* Project object */;
			proxyType = 1;
			remoteGlobalIDString = 6CABA8C721DD679200EE52E3;
			remoteInfo = ProblemSolving_HackerRank;
		};
/* End PBXContainerItemProxy section */

/* Begin PBXFileReference section */
		6C08373521F08EF600A804D5 /* 00_Loops.swift */ = {isa = PBXFileReference; lastKnownFileType = sourcecode.swift; path = 00_Loops.swift; sourceTree = "<group>"; };
		6C0AD94722AE7826008D85CD /* ThreeSum.swift */ = {isa = PBXFileReference; lastKnownFileType = sourcecode.swift; path = ThreeSum.swift; sourceTree = "<group>"; };
		6C1E3A7C23604E1600D4AD45 /* Swift3TestCase.swift */ = {isa = PBXFileReference; lastKnownFileType = sourcecode.swift; path = Swift3TestCase.swift; sourceTree = "<group>"; };
		6C1E3A7E2360533300D4AD45 /* StringSearch.swift */ = {isa = PBXFileReference; lastKnownFileType = sourcecode.swift; path = StringSearch.swift; sourceTree = "<group>"; };
		6C21EA0E22F8A82600D14BCF /* Tree.swift */ = {isa = PBXFileReference; lastKnownFileType = sourcecode.swift; path = Tree.swift; sourceTree = "<group>"; };
		6C21EA1022F8A9DC00D14BCF /* TreeTests.swift */ = {isa = PBXFileReference; lastKnownFileType = sourcecode.swift; path = TreeTests.swift; sourceTree = "<group>"; };
		6C2766D8236F1886009515E3 /* ArraysProbl.swift */ = {isa = PBXFileReference; lastKnownFileType = sourcecode.swift; path = ArraysProbl.swift; sourceTree = "<group>"; };
		6C2897BB226C6E9800CEE08D /* String+Access.swift */ = {isa = PBXFileReference; lastKnownFileType = sourcecode.swift; path = "String+Access.swift"; sourceTree = "<group>"; };
		6C2CABF5230DCBA8009CBF3D /* Plindrome.swift */ = {isa = PBXFileReference; lastKnownFileType = sourcecode.swift; path = Plindrome.swift; sourceTree = "<group>"; };
		6C51E5452243B29A00F657DA /* Node.swift */ = {isa = PBXFileReference; lastKnownFileType = sourcecode.swift; path = Node.swift; sourceTree = "<group>"; };
		6C5D44F92306F837007A0147 /* SubSetTests.swift */ = {isa = PBXFileReference; lastKnownFileType = sourcecode.swift; path = SubSetTests.swift; sourceTree = "<group>"; };
		6C6455752365DFC9001529EF /* StringFind.swift */ = {isa = PBXFileReference; lastKnownFileType = sourcecode.swift; path = StringFind.swift; sourceTree = "<group>"; };
		6C69A6972268860F002289FA /* MissingInteger.swift */ = {isa = PBXFileReference; lastKnownFileType = sourcecode.swift; path = MissingInteger.swift; sourceTree = "<group>"; };
		6C69A69922688697002289FA /* MissingIntTests.swift */ = {isa = PBXFileReference; lastKnownFileType = sourcecode.swift; path = MissingIntTests.swift; sourceTree = "<group>"; };
		6C6A0C1522ABD95900150FF6 /* MergeTwoLists.swift */ = {isa = PBXFileReference; lastKnownFileType = sourcecode.swift; path = MergeTwoLists.swift; sourceTree = "<group>"; };
		6C714408229E9A98008E446C /* NonRecArray.swift */ = {isa = PBXFileReference; lastKnownFileType = sourcecode.swift; path = NonRecArray.swift; sourceTree = "<group>"; };
		6C77825022791F55001926B2 /* MergeTwoSortedLinkedList.swift */ = {isa = PBXFileReference; lastKnownFileType = sourcecode.swift; path = MergeTwoSortedLinkedList.swift; sourceTree = "<group>"; };
		6C7945B623413D0300977F7E /* StringReplace.swift */ = {isa = PBXFileReference; lastKnownFileType = sourcecode.swift; path = StringReplace.swift; sourceTree = "<group>"; };
		6C8B0E3A23604A1800922CD5 /* RaceTests.swift */ = {isa = PBXFileReference; lastKnownFileType = sourcecode.swift; path = RaceTests.swift; sourceTree = "<group>"; };
		6C902A0B21EDD428008AE76C /* 02_Operators.swift */ = {isa = PBXFileReference; lastKnownFileType = sourcecode.swift; path = 02_Operators.swift; sourceTree = "<group>"; };
		6C902A0D21EDD60E008AE76C /* 02_OperatorsTests.swift */ = {isa = PBXFileReference; lastKnownFileType = sourcecode.swift; path = 02_OperatorsTests.swift; sourceTree = "<group>"; };
		6CA1D84E238F288200FF0286 /* UniqeStringChars.swift */ = {isa = PBXFileReference; lastKnownFileType = sourcecode.swift; path = UniqeStringChars.swift; sourceTree = "<group>"; };
		6CA28E1E22F498BA000E33F0 /* KnapsackProblem.swift */ = {isa = PBXFileReference; lastKnownFileType = sourcecode.swift; path = KnapsackProblem.swift; sourceTree = "<group>"; };
		6CA28E2522F65DBC000E33F0 /* SubSetProblem.swift */ = {isa = PBXFileReference; lastKnownFileType = sourcecode.swift; path = SubSetProblem.swift; sourceTree = "<group>"; };
		6CA28E2822F7010F000E33F0 /* SubSet.swift */ = {isa = PBXFileReference; lastKnownFileType = sourcecode.swift; path = SubSet.swift; sourceTree = "<group>"; };
		6CAACC0822FCC7CD006FF84C /* Recursion.swift */ = {isa = PBXFileReference; lastKnownFileType = sourcecode.swift; path = Recursion.swift; sourceTree = "<group>"; };
		6CAACC0A22FCC809006FF84C /* RecursionTests.swift */ = {isa = PBXFileReference; lastKnownFileType = sourcecode.swift; path = RecursionTests.swift; sourceTree = "<group>"; };
		6CABA8C821DD679200EE52E3 /* ProblemSolving.app */ = {isa = PBXFileReference; explicitFileType = wrapper.application; includeInIndex = 0; path = ProblemSolving.app; sourceTree = BUILT_PRODUCTS_DIR; };
		6CABA8CB21DD679200EE52E3 /* AppDelegate.swift */ = {isa = PBXFileReference; lastKnownFileType = sourcecode.swift; path = AppDelegate.swift; sourceTree = "<group>"; };
		6CABA8CD21DD679200EE52E3 /* MainViewController.swift */ = {isa = PBXFileReference; lastKnownFileType = sourcecode.swift; path = MainViewController.swift; sourceTree = "<group>"; };
		6CABA8D021DD679200EE52E3 /* Base */ = {isa = PBXFileReference; lastKnownFileType = file.storyboard; name = Base; path = Base.lproj/Main.storyboard; sourceTree = "<group>"; };
		6CABA8D221DD679400EE52E3 /* Assets.xcassets */ = {isa = PBXFileReference; lastKnownFileType = folder.assetcatalog; path = Assets.xcassets; sourceTree = "<group>"; };
		6CABA8D521DD679400EE52E3 /* Base */ = {isa = PBXFileReference; lastKnownFileType = file.storyboard; name = Base; path = Base.lproj/LaunchScreen.storyboard; sourceTree = "<group>"; };
		6CABA8D721DD679400EE52E3 /* Info.plist */ = {isa = PBXFileReference; lastKnownFileType = text.plist.xml; path = Info.plist; sourceTree = "<group>"; };
		6CABA8DC21DD679400EE52E3 /* ProblemSolvingTests.xctest */ = {isa = PBXFileReference; explicitFileType = wrapper.cfbundle; includeInIndex = 0; path = ProblemSolvingTests.xctest; sourceTree = BUILT_PRODUCTS_DIR; };
		6CABA8E021DD679400EE52E3 /* ProblemSolvingTests.swift */ = {isa = PBXFileReference; lastKnownFileType = sourcecode.swift; path = ProblemSolvingTests.swift; sourceTree = "<group>"; };
		6CABA8E221DD679400EE52E3 /* Info.plist */ = {isa = PBXFileReference; lastKnownFileType = text.plist.xml; path = Info.plist; sourceTree = "<group>"; };
		6CABA8ED21DE07D000EE52E3 /* 00_DataType.swift */ = {isa = PBXFileReference; lastKnownFileType = sourcecode.swift; path = 00_DataType.swift; sourceTree = "<group>"; };
		6CABA8EF21DE085400EE52E3 /* 00_DataTypeTest.swift */ = {isa = PBXFileReference; lastKnownFileType = sourcecode.swift; path = 00_DataTypeTest.swift; sourceTree = "<group>"; };
		6CAC9A1B22F1B5FD00DDDC72 /* MedianOfTwoSortedArrayies.swift */ = {isa = PBXFileReference; lastKnownFileType = sourcecode.swift; path = MedianOfTwoSortedArrayies.swift; sourceTree = "<group>"; };
		6CCE8A7222F1E500004A447A /* TreeTraversal.swift */ = {isa = PBXFileReference; lastKnownFileType = sourcecode.swift; path = TreeTraversal.swift; sourceTree = "<group>"; };
		6CCE8A7422F32C91004A447A /* IsPrime.swift */ = {isa = PBXFileReference; lastKnownFileType = sourcecode.swift; path = IsPrime.swift; sourceTree = "<group>"; };
		6CCE8A7622F32CB3004A447A /* Algorithms.swift */ = {isa = PBXFileReference; lastKnownFileType = sourcecode.swift; path = Algorithms.swift; sourceTree = "<group>"; };
		6CD7E77E2368384A00792FF1 /* ProblemSolving-Bridging-Header.h */ = {isa = PBXFileReference; lastKnownFileType = sourcecode.c.h; path = "ProblemSolving-Bridging-Header.h"; sourceTree = "<group>"; };
		6CE5DD032268A97D0065DAC7 /* ZalandoTaskTests.swift */ = {isa = PBXFileReference; lastKnownFileType = sourcecode.swift; path = ZalandoTaskTests.swift; sourceTree = "<group>"; };
		6CE5DD052268AF370065DAC7 /* NumberToAlphabeticMapperTests.swift */ = {isa = PBXFileReference; lastKnownFileType = sourcecode.swift; path = NumberToAlphabeticMapperTests.swift; sourceTree = "<group>"; };
		6CE5DD07226AA4C50065DAC7 /* PalandromicString.swift */ = {isa = PBXFileReference; lastKnownFileType = sourcecode.swift; path = PalandromicString.swift; sourceTree = "<group>"; };
		6CF3E18622722E13007488BA /* RingInterView.swift */ = {isa = PBXFileReference; lastKnownFileType = sourcecode.swift; path = RingInterView.swift; sourceTree = "<group>"; };
		6CF3E1BC2272E9C2007488BA /* Tests.swift */ = {isa = PBXFileReference; lastKnownFileType = sourcecode.swift; path = Tests.swift; sourceTree = "<group>"; };
/* End PBXFileReference section */

/* Begin PBXFrameworksBuildPhase section */
		6CABA8C521DD679200EE52E3 /* Frameworks */ = {
			isa = PBXFrameworksBuildPhase;
			buildActionMask = 2147483647;
			files = (
			);
			runOnlyForDeploymentPostprocessing = 0;
		};
		6CABA8D921DD679400EE52E3 /* Frameworks */ = {
			isa = PBXFrameworksBuildPhase;
			buildActionMask = 2147483647;
			files = (
			);
			runOnlyForDeploymentPostprocessing = 0;
		};
/* End PBXFrameworksBuildPhase section */

/* Begin PBXGroup section */
		6C21EA0D22F8A81100D14BCF /* trees */ = {
			isa = PBXGroup;
			children = (
				6C21EA0E22F8A82600D14BCF /* Tree.swift */,
				6CAACC0822FCC7CD006FF84C /* Recursion.swift */,
			);
			path = trees;
			sourceTree = "<group>";
		};
		6C2897BA226C6D7800CEE08D /* extensions */ = {
			isa = PBXGroup;
			children = (
				6C2897BB226C6E9800CEE08D /* String+Access.swift */,
				6CCE8A7622F32CB3004A447A /* Algorithms.swift */,
			);
			path = extensions;
			sourceTree = "<group>";
		};
		6C51E5442243B28900F657DA /* graph */ = {
			isa = PBXGroup;
			children = (
				6C51E5452243B29A00F657DA /* Node.swift */,
			);
			path = graph;
			sourceTree = "<group>";
		};
		6C69A696226885FB002289FA /* meduim */ = {
			isa = PBXGroup;
			children = (
				6C69A6972268860F002289FA /* MissingInteger.swift */,
				6C69A69922688697002289FA /* MissingIntTests.swift */,
				6CE5DD052268AF370065DAC7 /* NumberToAlphabeticMapperTests.swift */,
			);
			path = meduim;
			sourceTree = "<group>";
		};
		6C69A69D2268887E002289FA /* interviews */ = {
			isa = PBXGroup;
			children = (
				6C69A69E2268888F002289FA /* Zalando */,
			);
			path = interviews;
			sourceTree = "<group>";
		};
		6C69A69E2268888F002289FA /* Zalando */ = {
			isa = PBXGroup;
			children = (
				6CE5DD032268A97D0065DAC7 /* ZalandoTaskTests.swift */,
				6C7945B623413D0300977F7E /* StringReplace.swift */,
			);
			path = Zalando;
			sourceTree = "<group>";
		};
		6CA1D84D238F285100FF0286 /* cracking_interview_book */ = {
			isa = PBXGroup;
			children = (
				6CA1D84E238F288200FF0286 /* UniqeStringChars.swift */,
			);
			path = cracking_interview_book;
			sourceTree = "<group>";
		};
		6CA28E2722F700FA000E33F0 /* Recurssion and Dynamic Programming */ = {
			isa = PBXGroup;
			children = (
				6CA28E2822F7010F000E33F0 /* SubSet.swift */,
			);
			path = "Recurssion and Dynamic Programming";
			sourceTree = "<group>";
		};
		6CABA8BF21DD679200EE52E3 = {
			isa = PBXGroup;
			children = (
				6CABA8CA21DD679200EE52E3 /* ProblemSolving */,
				6CABA8DF21DD679400EE52E3 /* ProblemSolvingTests */,
				6CABA8C921DD679200EE52E3 /* Products */,
				6CD7E77E2368384A00792FF1 /* ProblemSolving-Bridging-Header.h */,
			);
			sourceTree = "<group>";
		};
		6CABA8C921DD679200EE52E3 /* Products */ = {
			isa = PBXGroup;
			children = (
				6CABA8C821DD679200EE52E3 /* ProblemSolving.app */,
				6CABA8DC21DD679400EE52E3 /* ProblemSolvingTests.xctest */,
			);
			name = Products;
			sourceTree = "<group>";
		};
		6CABA8CA21DD679200EE52E3 /* ProblemSolving */ = {
			isa = PBXGroup;
			children = (
				6CA1D84D238F285100FF0286 /* cracking_interview_book */,
				6CA28E2522F65DBC000E33F0 /* SubSetProblem.swift */,
				6C21EA0D22F8A81100D14BCF /* trees */,
				6CA28E2722F700FA000E33F0 /* Recurssion and Dynamic Programming */,
				6C2897BA226C6D7800CEE08D /* extensions */,
				6C69A69D2268887E002289FA /* interviews */,
				6CABA8EB21DD67AF00EE52E3 /* levels */,
				6CABA8CB21DD679200EE52E3 /* AppDelegate.swift */,
				6CABA8CD21DD679200EE52E3 /* MainViewController.swift */,
				6CABA8CF21DD679200EE52E3 /* Main.storyboard */,
				6CABA8D221DD679400EE52E3 /* Assets.xcassets */,
				6CABA8D421DD679400EE52E3 /* LaunchScreen.storyboard */,
				6CABA8D721DD679400EE52E3 /* Info.plist */,
				6C714408229E9A98008E446C /* NonRecArray.swift */,
				6C2CABF5230DCBA8009CBF3D /* Plindrome.swift */,
			);
			path = ProblemSolving;
			sourceTree = "<group>";
		};
		6CABA8DF21DD679400EE52E3 /* ProblemSolvingTests */ = {
			isa = PBXGroup;
			children = (
				6CABA8E021DD679400EE52E3 /* ProblemSolvingTests.swift */,
				6CE5DD07226AA4C50065DAC7 /* PalandromicString.swift */,
				6CABA8E221DD679400EE52E3 /* Info.plist */,
				6CF3E18622722E13007488BA /* RingInterView.swift */,
				6CF3E1BC2272E9C2007488BA /* Tests.swift */,
				6C77825022791F55001926B2 /* MergeTwoSortedLinkedList.swift */,
				6C6A0C1522ABD95900150FF6 /* MergeTwoLists.swift */,
				6C0AD94722AE7826008D85CD /* ThreeSum.swift */,
				6CAC9A1B22F1B5FD00DDDC72 /* MedianOfTwoSortedArrayies.swift */,
				6CCE8A7222F1E500004A447A /* TreeTraversal.swift */,
				6CCE8A7422F32C91004A447A /* IsPrime.swift */,
				6CA28E1E22F498BA000E33F0 /* KnapsackProblem.swift */,
				6C21EA1022F8A9DC00D14BCF /* TreeTests.swift */,
				6CAACC0A22FCC809006FF84C /* RecursionTests.swift */,
				6C5D44F92306F837007A0147 /* SubSetTests.swift */,
				6C8B0E3A23604A1800922CD5 /* RaceTests.swift */,
				6C1E3A7C23604E1600D4AD45 /* Swift3TestCase.swift */,
				6C1E3A7E2360533300D4AD45 /* StringSearch.swift */,
				6C6455752365DFC9001529EF /* StringFind.swift */,
				6C2766D8236F1886009515E3 /* ArraysProbl.swift */,
			);
			path = ProblemSolvingTests;
			sourceTree = "<group>";
		};
		6CABA8EB21DD67AF00EE52E3 /* levels */ = {
			isa = PBXGroup;
			children = (
				6C69A696226885FB002289FA /* meduim */,
				6C51E5442243B28900F657DA /* graph */,
				6CABA8EC21DD67BA00EE52E3 /* easy */,
			);
			path = levels;
			sourceTree = "<group>";
		};
		6CABA8EC21DD67BA00EE52E3 /* easy */ = {
			isa = PBXGroup;
			children = (
				6CABA8ED21DE07D000EE52E3 /* 00_DataType.swift */,
				6CABA8EF21DE085400EE52E3 /* 00_DataTypeTest.swift */,
				6C902A0B21EDD428008AE76C /* 02_Operators.swift */,
				6C902A0D21EDD60E008AE76C /* 02_OperatorsTests.swift */,
				6C08373521F08EF600A804D5 /* 00_Loops.swift */,
			);
			path = easy;
			sourceTree = "<group>";
		};
/* End PBXGroup section */

/* Begin PBXNativeTarget section */
		6CABA8C721DD679200EE52E3 /* ProblemSolving */ = {
			isa = PBXNativeTarget;
			buildConfigurationList = 6CABA8E521DD679400EE52E3 /* Build configuration list for PBXNativeTarget "ProblemSolving" */;
			buildPhases = (
				6CABA8C421DD679200EE52E3 /* Sources */,
				6CABA8C521DD679200EE52E3 /* Frameworks */,
				6CABA8C621DD679200EE52E3 /* Resources */,
			);
			buildRules = (
			);
			dependencies = (
			);
			name = ProblemSolving;
			productName = ProblemSolving_HackerRank;
			productReference = 6CABA8C821DD679200EE52E3 /* ProblemSolving.app */;
			productType = "com.apple.product-type.application";
		};
		6CABA8DB21DD679400EE52E3 /* ProblemSolvingTests */ = {
			isa = PBXNativeTarget;
			buildConfigurationList = 6CABA8E821DD679400EE52E3 /* Build configuration list for PBXNativeTarget "ProblemSolvingTests" */;
			buildPhases = (
				6CABA8D821DD679400EE52E3 /* Sources */,
				6CABA8D921DD679400EE52E3 /* Frameworks */,
				6CABA8DA21DD679400EE52E3 /* Resources */,
			);
			buildRules = (
			);
			dependencies = (
				6CABA8DE21DD679400EE52E3 /* PBXTargetDependency */,
			);
			name = ProblemSolvingTests;
			productName = ProblemSolving_HackerRankTests;
			productReference = 6CABA8DC21DD679400EE52E3 /* ProblemSolvingTests.xctest */;
			productType = "com.apple.product-type.bundle.unit-test";
		};
/* End PBXNativeTarget section */

/* Begin PBXProject section */
		6CABA8C021DD679200EE52E3 /* Project object */ = {
			isa = PBXProject;
			attributes = {
				LastSwiftUpdateCheck = 0940;
				LastUpgradeCheck = 0940;
				ORGANIZATIONNAME = abuzeid;
				TargetAttributes = {
					6CABA8C721DD679200EE52E3 = {
						CreatedOnToolsVersion = 9.4;
						LastSwiftMigration = 1010;
					};
					6CABA8DB21DD679400EE52E3 = {
						CreatedOnToolsVersion = 9.4;
						TestTargetID = 6CABA8C721DD679200EE52E3;
					};
				};
			};
			buildConfigurationList = 6CABA8C321DD679200EE52E3 /* Build configuration list for PBXProject "ProblemSolving" */;
			compatibilityVersion = "Xcode 9.3";
			developmentRegion = en;
			hasScannedForEncodings = 0;
			knownRegions = (
				en,
				Base,
			);
			mainGroup = 6CABA8BF21DD679200EE52E3;
			productRefGroup = 6CABA8C921DD679200EE52E3 /* Products */;
			projectDirPath = "";
			projectRoot = "";
			targets = (
				6CABA8C721DD679200EE52E3 /* ProblemSolving */,
				6CABA8DB21DD679400EE52E3 /* ProblemSolvingTests */,
			);
		};
/* End PBXProject section */

/* Begin PBXResourcesBuildPhase section */
		6CABA8C621DD679200EE52E3 /* Resources */ = {
			isa = PBXResourcesBuildPhase;
			buildActionMask = 2147483647;
			files = (
				6CABA8D621DD679400EE52E3 /* LaunchScreen.storyboard in Resources */,
				6CABA8D321DD679400EE52E3 /* Assets.xcassets in Resources */,
				6CABA8D121DD679200EE52E3 /* Main.storyboard in Resources */,
			);
			runOnlyForDeploymentPostprocessing = 0;
		};
		6CABA8DA21DD679400EE52E3 /* Resources */ = {
			isa = PBXResourcesBuildPhase;
			buildActionMask = 2147483647;
			files = (
			);
			runOnlyForDeploymentPostprocessing = 0;
		};
/* End PBXResourcesBuildPhase section */

/* Begin PBXSourcesBuildPhase section */
		6CABA8C421DD679200EE52E3 /* Sources */ = {
			isa = PBXSourcesBuildPhase;
			buildActionMask = 2147483647;
			files = (
				6CAACC0922FCC7CD006FF84C /* Recursion.swift in Sources */,
				6CABA8EE21DE07D000EE52E3 /* 00_DataType.swift in Sources */,
				6C902A0C21EDD428008AE76C /* 02_Operators.swift in Sources */,
				6C2897BC226C6E9800CEE08D /* String+Access.swift in Sources */,
				6CA28E2922F7010F000E33F0 /* SubSet.swift in Sources */,
				6CABA8CE21DD679200EE52E3 /* MainViewController.swift in Sources */,
				6C51E5462243B29A00F657DA /* Node.swift in Sources */,
				6CCE8A7722F32CB3004A447A /* Algorithms.swift in Sources */,
				6C69A69C22688847002289FA /* MissingInteger.swift in Sources */,
				6C08373621F08EF600A804D5 /* 00_Loops.swift in Sources */,
				6C21EA0F22F8A82600D14BCF /* Tree.swift in Sources */,
				6CABA8CC21DD679200EE52E3 /* AppDelegate.swift in Sources */,
			);
			runOnlyForDeploymentPostprocessing = 0;
		};
		6CABA8D821DD679400EE52E3 /* Sources */ = {
			isa = PBXSourcesBuildPhase;
			buildActionMask = 2147483647;
			files = (
				6C1E3A7F2360533300D4AD45 /* StringSearch.swift in Sources */,
				6CA1D84F238F288200FF0286 /* UniqeStringChars.swift in Sources */,
				6C69A69A22688697002289FA /* MissingIntTests.swift in Sources */,
				6CA28E2622F65DBC000E33F0 /* SubSetProblem.swift in Sources */,
				6C2766D9236F1886009515E3 /* ArraysProbl.swift in Sources */,
				6CCE8A7522F32C91004A447A /* IsPrime.swift in Sources */,
				6CF3E1BD2272E9C2007488BA /* Tests.swift in Sources */,
				6CAC9A1C22F1B5FD00DDDC72 /* MedianOfTwoSortedArrayies.swift in Sources */,
				6C714409229E9A98008E446C /* NonRecArray.swift in Sources */,
				6C6A0C1622ABD95900150FF6 /* MergeTwoLists.swift in Sources */,
				6C902A0E21EDD60E008AE76C /* 02_OperatorsTests.swift in Sources */,
				6C8B0E3B23604A1800922CD5 /* RaceTests.swift in Sources */,
				6CAACC0B22FCC809006FF84C /* RecursionTests.swift in Sources */,
				6C0AD94822AE7826008D85CD /* ThreeSum.swift in Sources */,
				6C6455762365DFC9001529EF /* StringFind.swift in Sources */,
				6C5D44FA2306F837007A0147 /* SubSetTests.swift in Sources */,
				6CCE8A7322F1E500004A447A /* TreeTraversal.swift in Sources */,
				6CA28E1F22F498BA000E33F0 /* KnapsackProblem.swift in Sources */,
				6C77825122791F55001926B2 /* MergeTwoSortedLinkedList.swift in Sources */,
				6C2CABF6230DCBA8009CBF3D /* Plindrome.swift in Sources */,
				6CABA8E121DD679400EE52E3 /* ProblemSolvingTests.swift in Sources */,
				6CF3E18722722E13007488BA /* RingInterView.swift in Sources */,
				6C7945B723413D0300977F7E /* StringReplace.swift in Sources */,
				6CE5DD042268A97D0065DAC7 /* ZalandoTaskTests.swift in Sources */,
				6C21EA1122F8A9DC00D14BCF /* TreeTests.swift in Sources */,
				6C1E3A7D23604E1600D4AD45 /* Swift3TestCase.swift in Sources */,
				6C4FD96B21DE08FC00C066AF /* 00_DataTypeTest.swift in Sources */,
				6CE5DD062268AF370065DAC7 /* NumberToAlphabeticMapperTests.swift in Sources */,
				6CE5DD09226AA53D0065DAC7 /* PalandromicString.swift in Sources */,
			);
			runOnlyForDeploymentPostprocessing = 0;
		};
/* End PBXSourcesBuildPhase section */

/* Begin PBXTargetDependency section */
		6CABA8DE21DD679400EE52E3 /* PBXTargetDependency */ = {
			isa = PBXTargetDependency;
			target = 6CABA8C721DD679200EE52E3 /* ProblemSolving */;
			targetProxy = 6CABA8DD21DD679400EE52E3 /* PBXContainerItemProxy */;
		};
/* End PBXTargetDependency section */

/* Begin PBXVariantGroup section */
		6CABA8CF21DD679200EE52E3 /* Main.storyboard */ = {
			isa = PBXVariantGroup;
			children = (
				6CABA8D021DD679200EE52E3 /* Base */,
			);
			name = Main.storyboard;
			sourceTree = "<group>";
		};
		6CABA8D421DD679400EE52E3 /* LaunchScreen.storyboard */ = {
			isa = PBXVariantGroup;
			children = (
				6CABA8D521DD679400EE52E3 /* Base */,
			);
			name = LaunchScreen.storyboard;
			sourceTree = "<group>";
		};
/* End PBXVariantGroup section */

/* Begin XCBuildConfiguration section */
		6CABA8E321DD679400EE52E3 /* Debug */ = {
			isa = XCBuildConfiguration;
			buildSettings = {
				ALWAYS_SEARCH_USER_PATHS = NO;
				CLANG_ANALYZER_NONNULL = YES;
				CLANG_ANALYZER_NUMBER_OBJECT_CONVERSION = YES_AGGRESSIVE;
				CLANG_CXX_LANGUAGE_STANDARD = "gnu++14";
				CLANG_CXX_LIBRARY = "libc++";
				CLANG_ENABLE_MODULES = YES;
				CLANG_ENABLE_OBJC_ARC = YES;
				CLANG_ENABLE_OBJC_WEAK = YES;
				CLANG_WARN_BLOCK_CAPTURE_AUTORELEASING = YES;
				CLANG_WARN_BOOL_CONVERSION = YES;
				CLANG_WARN_COMMA = YES;
				CLANG_WARN_CONSTANT_CONVERSION = YES;
				CLANG_WARN_DEPRECATED_OBJC_IMPLEMENTATIONS = YES;
				CLANG_WARN_DIRECT_OBJC_ISA_USAGE = YES_ERROR;
				CLANG_WARN_DOCUMENTATION_COMMENTS = YES;
				CLANG_WARN_EMPTY_BODY = YES;
				CLANG_WARN_ENUM_CONVERSION = YES;
				CLANG_WARN_INFINITE_RECURSION = YES;
				CLANG_WARN_INT_CONVERSION = YES;
				CLANG_WARN_NON_LITERAL_NULL_CONVERSION = YES;
				CLANG_WARN_OBJC_IMPLICIT_RETAIN_SELF = YES;
				CLANG_WARN_OBJC_LITERAL_CONVERSION = YES;
				CLANG_WARN_OBJC_ROOT_CLASS = YES_ERROR;
				CLANG_WARN_RANGE_LOOP_ANALYSIS = YES;
				CLANG_WARN_STRICT_PROTOTYPES = YES;
				CLANG_WARN_SUSPICIOUS_MOVE = YES;
				CLANG_WARN_UNGUARDED_AVAILABILITY = YES_AGGRESSIVE;
				CLANG_WARN_UNREACHABLE_CODE = YES;
				CLANG_WARN__DUPLICATE_METHOD_MATCH = YES;
				CODE_SIGN_IDENTITY = "iPhone Developer";
				COPY_PHASE_STRIP = NO;
				DEBUG_INFORMATION_FORMAT = dwarf;
				ENABLE_STRICT_OBJC_MSGSEND = YES;
				ENABLE_TESTABILITY = YES;
				GCC_C_LANGUAGE_STANDARD = gnu11;
				GCC_DYNAMIC_NO_PIC = NO;
				GCC_NO_COMMON_BLOCKS = YES;
				GCC_OPTIMIZATION_LEVEL = 0;
				GCC_PREPROCESSOR_DEFINITIONS = (
					"DEBUG=1",
					"$(inherited)",
				);
				GCC_WARN_64_TO_32_BIT_CONVERSION = YES;
				GCC_WARN_ABOUT_RETURN_TYPE = YES_ERROR;
				GCC_WARN_UNDECLARED_SELECTOR = YES;
				GCC_WARN_UNINITIALIZED_AUTOS = YES_AGGRESSIVE;
				GCC_WARN_UNUSED_FUNCTION = YES;
				GCC_WARN_UNUSED_VARIABLE = YES;
				IPHONEOS_DEPLOYMENT_TARGET = 11.4;
				MTL_ENABLE_DEBUG_INFO = YES;
				ONLY_ACTIVE_ARCH = YES;
				SDKROOT = iphoneos;
				SWIFT_ACTIVE_COMPILATION_CONDITIONS = DEBUG;
				SWIFT_OPTIMIZATION_LEVEL = "-Onone";
			};
			name = Debug;
		};
		6CABA8E421DD679400EE52E3 /* Release */ = {
			isa = XCBuildConfiguration;
			buildSettings = {
				ALWAYS_SEARCH_USER_PATHS = NO;
				CLANG_ANALYZER_NONNULL = YES;
				CLANG_ANALYZER_NUMBER_OBJECT_CONVERSION = YES_AGGRESSIVE;
				CLANG_CXX_LANGUAGE_STANDARD = "gnu++14";
				CLANG_CXX_LIBRARY = "libc++";
				CLANG_ENABLE_MODULES = YES;
				CLANG_ENABLE_OBJC_ARC = YES;
				CLANG_ENABLE_OBJC_WEAK = YES;
				CLANG_WARN_BLOCK_CAPTURE_AUTORELEASING = YES;
				CLANG_WARN_BOOL_CONVERSION = YES;
				CLANG_WARN_COMMA = YES;
				CLANG_WARN_CONSTANT_CONVERSION = YES;
				CLANG_WARN_DEPRECATED_OBJC_IMPLEMENTATIONS = YES;
				CLANG_WARN_DIRECT_OBJC_ISA_USAGE = YES_ERROR;
				CLANG_WARN_DOCUMENTATION_COMMENTS = YES;
				CLANG_WARN_EMPTY_BODY = YES;
				CLANG_WARN_ENUM_CONVERSION = YES;
				CLANG_WARN_INFINITE_RECURSION = YES;
				CLANG_WARN_INT_CONVERSION = YES;
				CLANG_WARN_NON_LITERAL_NULL_CONVERSION = YES;
				CLANG_WARN_OBJC_IMPLICIT_RETAIN_SELF = YES;
				CLANG_WARN_OBJC_LITERAL_CONVERSION = YES;
				CLANG_WARN_OBJC_ROOT_CLASS = YES_ERROR;
				CLANG_WARN_RANGE_LOOP_ANALYSIS = YES;
				CLANG_WARN_STRICT_PROTOTYPES = YES;
				CLANG_WARN_SUSPICIOUS_MOVE = YES;
				CLANG_WARN_UNGUARDED_AVAILABILITY = YES_AGGRESSIVE;
				CLANG_WARN_UNREACHABLE_CODE = YES;
				CLANG_WARN__DUPLICATE_METHOD_MATCH = YES;
				CODE_SIGN_IDENTITY = "iPhone Developer";
				COPY_PHASE_STRIP = NO;
				DEBUG_INFORMATION_FORMAT = "dwarf-with-dsym";
				ENABLE_NS_ASSERTIONS = NO;
				ENABLE_STRICT_OBJC_MSGSEND = YES;
				GCC_C_LANGUAGE_STANDARD = gnu11;
				GCC_NO_COMMON_BLOCKS = YES;
				GCC_WARN_64_TO_32_BIT_CONVERSION = YES;
				GCC_WARN_ABOUT_RETURN_TYPE = YES_ERROR;
				GCC_WARN_UNDECLARED_SELECTOR = YES;
				GCC_WARN_UNINITIALIZED_AUTOS = YES_AGGRESSIVE;
				GCC_WARN_UNUSED_FUNCTION = YES;
				GCC_WARN_UNUSED_VARIABLE = YES;
				IPHONEOS_DEPLOYMENT_TARGET = 11.4;
				MTL_ENABLE_DEBUG_INFO = NO;
				SDKROOT = iphoneos;
				SWIFT_COMPILATION_MODE = wholemodule;
				SWIFT_OPTIMIZATION_LEVEL = "-O";
				VALIDATE_PRODUCT = YES;
			};
			name = Release;
		};
		6CABA8E621DD679400EE52E3 /* Debug */ = {
			isa = XCBuildConfiguration;
			buildSettings = {
				ASSETCATALOG_COMPILER_APPICON_NAME = AppIcon;
				CLANG_ENABLE_MODULES = YES;
				CODE_SIGN_STYLE = Automatic;
				INFOPLIST_FILE = ProblemSolving/Info.plist;
				LD_RUNPATH_SEARCH_PATHS = (
					"$(inherited)",
					"@executable_path/Frameworks",
				);
				PRODUCT_BUNDLE_IDENTIFIER = "abuzeid.ProblemSolving-HackerRank";
				PRODUCT_NAME = "$(TARGET_NAME)";
				SWIFT_OBJC_BRIDGING_HEADER = "ProblemSolving-Bridging-Header.h";
				SWIFT_OPTIMIZATION_LEVEL = "-Onone";
				SWIFT_VERSION = 4.0;
				TARGETED_DEVICE_FAMILY = "1,2";
			};
			name = Debug;
		};
		6CABA8E721DD679400EE52E3 /* Release */ = {
			isa = XCBuildConfiguration;
			buildSettings = {
				ASSETCATALOG_COMPILER_APPICON_NAME = AppIcon;
				CLANG_ENABLE_MODULES = YES;
				CODE_SIGN_STYLE = Automatic;
				INFOPLIST_FILE = ProblemSolving/Info.plist;
				LD_RUNPATH_SEARCH_PATHS = (
					"$(inherited)",
					"@executable_path/Frameworks",
				);
				PRODUCT_BUNDLE_IDENTIFIER = "abuzeid.ProblemSolving-HackerRank";
				PRODUCT_NAME = "$(TARGET_NAME)";
				SWIFT_OBJC_BRIDGING_HEADER = "ProblemSolving-Bridging-Header.h";
				SWIFT_VERSION = 4.0;
				TARGETED_DEVICE_FAMILY = "1,2";
			};
			name = Release;
		};
		6CABA8E921DD679400EE52E3 /* Debug */ = {
			isa = XCBuildConfiguration;
			buildSettings = {
				ALWAYS_EMBED_SWIFT_STANDARD_LIBRARIES = YES;
				BUNDLE_LOADER = "$(TEST_HOST)";
				CODE_SIGN_STYLE = Automatic;
				INFOPLIST_FILE = ProblemSolvingTests/Info.plist;
				LD_RUNPATH_SEARCH_PATHS = (
					"$(inherited)",
					"@executable_path/Frameworks",
					"@loader_path/Frameworks",
				);
				PRODUCT_BUNDLE_IDENTIFIER = "abuzeid.ProblemSolving-HackerRankTests";
				PRODUCT_NAME = "$(TARGET_NAME)";
				SWIFT_VERSION = 4.0;
				TARGETED_DEVICE_FAMILY = "1,2";
				TEST_HOST = "$(BUILT_PRODUCTS_DIR)/ProblemSolving.app/ProblemSolving";
			};
			name = Debug;
		};
		6CABA8EA21DD679400EE52E3 /* Release */ = {
			isa = XCBuildConfiguration;
			buildSettings = {
				ALWAYS_EMBED_SWIFT_STANDARD_LIBRARIES = YES;
				BUNDLE_LOADER = "$(TEST_HOST)";
				CODE_SIGN_STYLE = Automatic;
				INFOPLIST_FILE = ProblemSolvingTests/Info.plist;
				LD_RUNPATH_SEARCH_PATHS = (
					"$(inherited)",
					"@executable_path/Frameworks",
					"@loader_path/Frameworks",
				);
				PRODUCT_BUNDLE_IDENTIFIER = "abuzeid.ProblemSolving-HackerRankTests";
				PRODUCT_NAME = "$(TARGET_NAME)";
				SWIFT_VERSION = 4.0;
				TARGETED_DEVICE_FAMILY = "1,2";
				TEST_HOST = "$(BUILT_PRODUCTS_DIR)/ProblemSolving.app/ProblemSolving";
			};
			name = Release;
		};
/* End XCBuildConfiguration section */

/* Begin XCConfigurationList section */
		6CABA8C321DD679200EE52E3 /* Build configuration list for PBXProject "ProblemSolving" */ = {
			isa = XCConfigurationList;
			buildConfigurations = (
				6CABA8E321DD679400EE52E3 /* Debug */,
				6CABA8E421DD679400EE52E3 /* Release */,
			);
			defaultConfigurationIsVisible = 0;
			defaultConfigurationName = Release;
		};
		6CABA8E521DD679400EE52E3 /* Build configuration list for PBXNativeTarget "ProblemSolving" */ = {
			isa = XCConfigurationList;
			buildConfigurations = (
				6CABA8E621DD679400EE52E3 /* Debug */,
				6CABA8E721DD679400EE52E3 /* Release */,
			);
			defaultConfigurationIsVisible = 0;
			defaultConfigurationName = Release;
		};
		6CABA8E821DD679400EE52E3 /* Build configuration list for PBXNativeTarget "ProblemSolvingTests" */ = {
			isa = XCConfigurationList;
			buildConfigurations = (
				6CABA8E921DD679400EE52E3 /* Debug */,
				6CABA8EA21DD679400EE52E3 /* Release */,
			);
			defaultConfigurationIsVisible = 0;
			defaultConfigurationName = Release;
		};
/* End XCConfigurationList section */
	};
	rootObject = 6CABA8C021DD679200EE52E3 /* Project object */;
}
